// !$*UTF8*$!
{
	archiveVersion = 1;
	classes = {
	};
	objectVersion = 50;
	objects = {

/* Begin PBXBuildFile section */
		FE7B4D3620FD5AAE00C5A103 /* AppDelegate.swift in Sources */ = {isa = PBXBuildFile; fileRef = FE7B4D3520FD5AAE00C5A103 /* AppDelegate.swift */; };
		FE7B4D3B20FD5AAE00C5A103 /* Main.storyboard in Resources */ = {isa = PBXBuildFile; fileRef = FE7B4D3920FD5AAE00C5A103 /* Main.storyboard */; };
		FE7B4D3D20FD5AAF00C5A103 /* Assets.xcassets in Resources */ = {isa = PBXBuildFile; fileRef = FE7B4D3C20FD5AAF00C5A103 /* Assets.xcassets */; };
		FE7B4D4020FD5AAF00C5A103 /* LaunchScreen.storyboard in Resources */ = {isa = PBXBuildFile; fileRef = FE7B4D3E20FD5AAF00C5A103 /* LaunchScreen.storyboard */; };
		FE7B4D4B20FD5EDC00C5A103 /* field_observations.json in Resources */ = {isa = PBXBuildFile; fileRef = FE7B4D4A20FD5EDC00C5A103 /* field_observations.json */; };
		FE7B4D4D20FD5FE100C5A103 /* Animal.swift in Sources */ = {isa = PBXBuildFile; fileRef = FE7B4D4C20FD5FE100C5A103 /* Animal.swift */; };
		FE7B4D4F20FD61B000C5A103 /* FieldSurvey.swift in Sources */ = {isa = PBXBuildFile; fileRef = FE7B4D4E20FD61B000C5A103 /* FieldSurvey.swift */; };
		FE7B4D5320FEC76D00C5A103 /* FieldSurveyJSONParser.swift in Sources */ = {isa = PBXBuildFile; fileRef = FE7B4D5220FEC76D00C5A103 /* FieldSurveyJSONParser.swift */; };
		FE7B4D5720FECF7D00C5A103 /* FieldSurveyJSONLoader.swift in Sources */ = {isa = PBXBuildFile; fileRef = FE7B4D5620FECF7D00C5A103 /* FieldSurveyJSONLoader.swift */; };
		FE7B4D5B21000B6F00C5A103 /* FieldSurveyViewController.swift in Sources */ = {isa = PBXBuildFile; fileRef = FE7B4D5A21000B6F00C5A103 /* FieldSurveyViewController.swift */; };
		FE7B4D5D21000BD400C5A103 /* FieldSurveyDetailViewController.swift in Sources */ = {isa = PBXBuildFile; fileRef = FE7B4D5C21000BD400C5A103 /* FieldSurveyDetailViewController.swift */; };
/* End PBXBuildFile section */

/* Begin PBXFileReference section */
		FE7B4D3220FD5AAE00C5A103 /* Field Survey.app */ = {isa = PBXFileReference; explicitFileType = wrapper.application; includeInIndex = 0; path = "Field Survey.app"; sourceTree = BUILT_PRODUCTS_DIR; };
		FE7B4D3520FD5AAE00C5A103 /* AppDelegate.swift */ = {isa = PBXFileReference; lastKnownFileType = sourcecode.swift; path = AppDelegate.swift; sourceTree = "<group>"; };
		FE7B4D3A20FD5AAE00C5A103 /* Base */ = {isa = PBXFileReference; lastKnownFileType = file.storyboard; name = Base; path = Base.lproj/Main.storyboard; sourceTree = "<group>"; };
		FE7B4D3C20FD5AAF00C5A103 /* Assets.xcassets */ = {isa = PBXFileReference; lastKnownFileType = folder.assetcatalog; path = Assets.xcassets; sourceTree = "<group>"; };
		FE7B4D3F20FD5AAF00C5A103 /* Base */ = {isa = PBXFileReference; lastKnownFileType = file.storyboard; name = Base; path = Base.lproj/LaunchScreen.storyboard; sourceTree = "<group>"; };
		FE7B4D4120FD5AAF00C5A103 /* Info.plist */ = {isa = PBXFileReference; lastKnownFileType = text.plist.xml; path = Info.plist; sourceTree = "<group>"; };
		FE7B4D4A20FD5EDC00C5A103 /* field_observations.json */ = {isa = PBXFileReference; fileEncoding = 4; lastKnownFileType = text.json; path = field_observations.json; sourceTree = "<group>"; };
		FE7B4D4C20FD5FE100C5A103 /* Animal.swift */ = {isa = PBXFileReference; lastKnownFileType = sourcecode.swift; path = Animal.swift; sourceTree = "<group>"; };
		FE7B4D4E20FD61B000C5A103 /* FieldSurvey.swift */ = {isa = PBXFileReference; lastKnownFileType = sourcecode.swift; path = FieldSurvey.swift; sourceTree = "<group>"; };
		FE7B4D5220FEC76D00C5A103 /* FieldSurveyJSONParser.swift */ = {isa = PBXFileReference; lastKnownFileType = sourcecode.swift; path = FieldSurveyJSONParser.swift; sourceTree = "<group>"; };
		FE7B4D5620FECF7D00C5A103 /* FieldSurveyJSONLoader.swift */ = {isa = PBXFileReference; lastKnownFileType = sourcecode.swift; path = FieldSurveyJSONLoader.swift; sourceTree = "<group>"; };
		FE7B4D5A21000B6F00C5A103 /* FieldSurveyViewController.swift */ = {isa = PBXFileReference; lastKnownFileType = sourcecode.swift; path = FieldSurveyViewController.swift; sourceTree = "<group>"; };
		FE7B4D5C21000BD400C5A103 /* FieldSurveyDetailViewController.swift */ = {isa = PBXFileReference; lastKnownFileType = sourcecode.swift; path = FieldSurveyDetailViewController.swift; sourceTree = "<group>"; };
/* End PBXFileReference section */

/* Begin PBXFrameworksBuildPhase section */
		FE7B4D2F20FD5AAE00C5A103 /* Frameworks */ = {
			isa = PBXFrameworksBuildPhase;
			buildActionMask = 2147483647;
			files = (
			);
			runOnlyForDeploymentPostprocessing = 0;
		};
/* End PBXFrameworksBuildPhase section */

/* Begin PBXGroup section */
		FE7B4D2920FD5AAE00C5A103 = {
			isa = PBXGroup;
			children = (
				FE7B4D3420FD5AAE00C5A103 /* Field Survey */,
				FE7B4D3320FD5AAE00C5A103 /* Products */,
			);
			sourceTree = "<group>";
		};
		FE7B4D3320FD5AAE00C5A103 /* Products */ = {
			isa = PBXGroup;
			children = (
				FE7B4D3220FD5AAE00C5A103 /* Field Survey.app */,
			);
			name = Products;
			sourceTree = "<group>";
		};
		FE7B4D3420FD5AAE00C5A103 /* Field Survey */ = {
			isa = PBXGroup;
			children = (
				FE7B4D4720FD5D6B00C5A103 /* Model */,
				FE7B4D3520FD5AAE00C5A103 /* AppDelegate.swift */,
				FE7B4D5C21000BD400C5A103 /* FieldSurveyDetailViewController.swift */,
				FE7B4D5A21000B6F00C5A103 /* FieldSurveyViewController.swift */,
				FE7B4D3920FD5AAE00C5A103 /* Main.storyboard */,
				FE7B4D3C20FD5AAF00C5A103 /* Assets.xcassets */,
				FE7B4D3E20FD5AAF00C5A103 /* LaunchScreen.storyboard */,
				FE7B4D4120FD5AAF00C5A103 /* Info.plist */,
			);
			path = "Field Survey";
			sourceTree = "<group>";
		};
		FE7B4D4720FD5D6B00C5A103 /* Model */ = {
			isa = PBXGroup;
			children = (
				FE7B4D4A20FD5EDC00C5A103 /* field_observations.json */,
				FE7B4D4C20FD5FE100C5A103 /* Animal.swift */,
				FE7B4D4E20FD61B000C5A103 /* FieldSurvey.swift */,
				FE7B4D5220FEC76D00C5A103 /* FieldSurveyJSONParser.swift */,
				FE7B4D5620FECF7D00C5A103 /* FieldSurveyJSONLoader.swift */,
			);
			path = Model;
			sourceTree = "<group>";
		};
/* End PBXGroup section */

/* Begin PBXNativeTarget section */
		FE7B4D3120FD5AAE00C5A103 /* Field Survey */ = {
			isa = PBXNativeTarget;
			buildConfigurationList = FE7B4D4420FD5AAF00C5A103 /* Build configuration list for PBXNativeTarget "Field Survey" */;
			buildPhases = (
				FE7B4D2E20FD5AAE00C5A103 /* Sources */,
				FE7B4D2F20FD5AAE00C5A103 /* Frameworks */,
				FE7B4D3020FD5AAE00C5A103 /* Resources */,
			);
			buildRules = (
			);
			dependencies = (
			);
			name = "Field Survey";
			productName = "Field Survey";
			productReference = FE7B4D3220FD5AAE00C5A103 /* Field Survey.app */;
			productType = "com.apple.product-type.application";
		};
/* End PBXNativeTarget section */

/* Begin PBXProject section */
		FE7B4D2A20FD5AAE00C5A103 /* Project object */ = {
			isa = PBXProject;
			attributes = {
				LastSwiftUpdateCheck = 0940;
				LastUpgradeCheck = 0940;
				ORGANIZATIONNAME = "Ethan Schutzenhofer";
				TargetAttributes = {
					FE7B4D3120FD5AAE00C5A103 = {
						CreatedOnToolsVersion = 9.4;
					};
				};
			};
			buildConfigurationList = FE7B4D2D20FD5AAE00C5A103 /* Build configuration list for PBXProject "Field Survey" */;
			compatibilityVersion = "Xcode 9.3";
			developmentRegion = en;
			hasScannedForEncodings = 0;
			knownRegions = (
				en,
				Base,
			);
			mainGroup = FE7B4D2920FD5AAE00C5A103;
			productRefGroup = FE7B4D3320FD5AAE00C5A103 /* Products */;
			projectDirPath = "";
			projectRoot = "";
			targets = (
				FE7B4D3120FD5AAE00C5A103 /* Field Survey */,
			);
		};
/* End PBXProject section */

/* Begin PBXResourcesBuildPhase section */
		FE7B4D3020FD5AAE00C5A103 /* Resources */ = {
			isa = PBXResourcesBuildPhase;
			buildActionMask = 2147483647;
			files = (
				FE7B4D4020FD5AAF00C5A103 /* LaunchScreen.storyboard in Resources */,
				FE7B4D4B20FD5EDC00C5A103 /* field_observations.json in Resources */,
				FE7B4D3D20FD5AAF00C5A103 /* Assets.xcassets in Resources */,
				FE7B4D3B20FD5AAE00C5A103 /* Main.storyboard in Resources */,
			);
			runOnlyForDeploymentPostprocessing = 0;
		};
/* End PBXResourcesBuildPhase section */

/* Begin PBXSourcesBuildPhase section */
		FE7B4D2E20FD5AAE00C5A103 /* Sources */ = {
			isa = PBXSourcesBuildPhase;
			buildActionMask = 2147483647;
			files = (
				FE7B4D3620FD5AAE00C5A103 /* AppDelegate.swift in Sources */,
				FE7B4D4D20FD5FE100C5A103 /* Animal.swift in Sources */,
				FE7B4D4F20FD61B000C5A103 /* FieldSurvey.swift in Sources */,
				FE7B4D5D21000BD400C5A103 /* FieldSurveyDetailViewController.swift in Sources */,
				FE7B4D5B21000B6F00C5A103 /* FieldSurveyViewController.swift in Sources */,
				FE7B4D5720FECF7D00C5A103 /* FieldSurveyJSONLoader.swift in Sources */,
				FE7B4D5320FEC76D00C5A103 /* FieldSurveyJSONParser.swift in Sources */,
			);
			runOnlyForDeploymentPostprocessing = 0;
		};
/* End PBXSourcesBuildPhase section */

/* Begin PBXVariantGroup section */
		FE7B4D3920FD5AAE00C5A103 /* Main.storyboard */ = {
			isa = PBXVariantGroup;
			children = (
				FE7B4D3A20FD5AAE00C5A103 /* Base */,
			);
			name = Main.storyboard;
			sourceTree = "<group>";
		};
		FE7B4D3E20FD5AAF00C5A103 /* LaunchScreen.storyboard */ = {
			isa = PBXVariantGroup;
			children = (
				FE7B4D3F20FD5AAF00C5A103 /* Base */,
			);
			name = LaunchScreen.storyboard;
			sourceTree = "<group>";
		};
/* End PBXVariantGroup section */

/* Begin XCBuildConfiguration section */
		FE7B4D4220FD5AAF00C5A103 /* Debug */ = {
			isa = XCBuildConfiguration;
			buildSettings = {
				ALWAYS_SEARCH_USER_PATHS = NO;
				CLANG_ANALYZER_NONNULL = YES;
				CLANG_ANALYZER_NUMBER_OBJECT_CONVERSION = YES_AGGRESSIVE;
				CLANG_CXX_LANGUAGE_STANDARD = "gnu++14";
				CLANG_CXX_LIBRARY = "libc++";
				CLANG_ENABLE_MODULES = YES;
				CLANG_ENABLE_OBJC_ARC = YES;
				CLANG_ENABLE_OBJC_WEAK = YES;
				CLANG_WARN_BLOCK_CAPTURE_AUTORELEASING = YES;
				CLANG_WARN_BOOL_CONVERSION = YES;
				CLANG_WARN_COMMA = YES;
				CLANG_WARN_CONSTANT_CONVERSION = YES;
				CLANG_WARN_DEPRECATED_OBJC_IMPLEMENTATIONS = YES;
				CLANG_WARN_DIRECT_OBJC_ISA_USAGE = YES_ERROR;
				CLANG_WARN_DOCUMENTATION_COMMENTS = YES;
				CLANG_WARN_EMPTY_BODY = YES;
				CLANG_WARN_ENUM_CONVERSION = YES;
				CLANG_WARN_INFINITE_RECURSION = YES;
				CLANG_WARN_INT_CONVERSION = YES;
				CLANG_WARN_NON_LITERAL_NULL_CONVERSION = YES;
				CLANG_WARN_OBJC_IMPLICIT_RETAIN_SELF = YES;
				CLANG_WARN_OBJC_LITERAL_CONVERSION = YES;
				CLANG_WARN_OBJC_ROOT_CLASS = YES_ERROR;
				CLANG_WARN_RANGE_LOOP_ANALYSIS = YES;
				CLANG_WARN_STRICT_PROTOTYPES = YES;
				CLANG_WARN_SUSPICIOUS_MOVE = YES;
				CLANG_WARN_UNGUARDED_AVAILABILITY = YES_AGGRESSIVE;
				CLANG_WARN_UNREACHABLE_CODE = YES;
				CLANG_WARN__DUPLICATE_METHOD_MATCH = YES;
				CODE_SIGN_IDENTITY = "iPhone Developer";
				COPY_PHASE_STRIP = NO;
				DEBUG_INFORMATION_FORMAT = dwarf;
				ENABLE_STRICT_OBJC_MSGSEND = YES;
				ENABLE_TESTABILITY = YES;
				GCC_C_LANGUAGE_STANDARD = gnu11;
				GCC_DYNAMIC_NO_PIC = NO;
				GCC_NO_COMMON_BLOCKS = YES;
				GCC_OPTIMIZATION_LEVEL = 0;
				GCC_PREPROCESSOR_DEFINITIONS = (
					"DEBUG=1",
					"$(inherited)",
				);
				GCC_WARN_64_TO_32_BIT_CONVERSION = YES;
				GCC_WARN_ABOUT_RETURN_TYPE = YES_ERROR;
				GCC_WARN_UNDECLARED_SELECTOR = YES;
				GCC_WARN_UNINITIALIZED_AUTOS = YES_AGGRESSIVE;
				GCC_WARN_UNUSED_FUNCTION = YES;
				GCC_WARN_UNUSED_VARIABLE = YES;
				IPHONEOS_DEPLOYMENT_TARGET = 11.4;
				MTL_ENABLE_DEBUG_INFO = YES;
				ONLY_ACTIVE_ARCH = YES;
				SDKROOT = iphoneos;
				SWIFT_ACTIVE_COMPILATION_CONDITIONS = DEBUG;
				SWIFT_OPTIMIZATION_LEVEL = "-Onone";
			};
			name = Debug;
		};
		FE7B4D4320FD5AAF00C5A103 /* Release */ = {
			isa = XCBuildConfiguration;
			buildSettings = {
				ALWAYS_SEARCH_USER_PATHS = NO;
				CLANG_ANALYZER_NONNULL = YES;
				CLANG_ANALYZER_NUMBER_OBJECT_CONVERSION = YES_AGGRESSIVE;
				CLANG_CXX_LANGUAGE_STANDARD = "gnu++14";
				CLANG_CXX_LIBRARY = "libc++";
				CLANG_ENABLE_MODULES = YES;
				CLANG_ENABLE_OBJC_ARC = YES;
				CLANG_ENABLE_OBJC_WEAK = YES;
				CLANG_WARN_BLOCK_CAPTURE_AUTORELEASING = YES;
				CLANG_WARN_BOOL_CONVERSION = YES;
				CLANG_WARN_COMMA = YES;
				CLANG_WARN_CONSTANT_CONVERSION = YES;
				CLANG_WARN_DEPRECATED_OBJC_IMPLEMENTATIONS = YES;
				CLANG_WARN_DIRECT_OBJC_ISA_USAGE = YES_ERROR;
				CLANG_WARN_DOCUMENTATION_COMMENTS = YES;
				CLANG_WARN_EMPTY_BODY = YES;
				CLANG_WARN_ENUM_CONVERSION = YES;
				CLANG_WARN_INFINITE_RECURSION = YES;
				CLANG_WARN_INT_CONVERSION = YES;
				CLANG_WARN_NON_LITERAL_NULL_CONVERSION = YES;
				CLANG_WARN_OBJC_IMPLICIT_RETAIN_SELF = YES;
				CLANG_WARN_OBJC_LITERAL_CONVERSION = YES;
				CLANG_WARN_OBJC_ROOT_CLASS = YES_ERROR;
				CLANG_WARN_RANGE_LOOP_ANALYSIS = YES;
				CLANG_WARN_STRICT_PROTOTYPES = YES;
				CLANG_WARN_SUSPICIOUS_MOVE = YES;
				CLANG_WARN_UNGUARDED_AVAILABILITY = YES_AGGRESSIVE;
				CLANG_WARN_UNREACHABLE_CODE = YES;
				CLANG_WARN__DUPLICATE_METHOD_MATCH = YES;
				CODE_SIGN_IDENTITY = "iPhone Developer";
				COPY_PHASE_STRIP = NO;
				DEBUG_INFORMATION_FORMAT = "dwarf-with-dsym";
				ENABLE_NS_ASSERTIONS = NO;
				ENABLE_STRICT_OBJC_MSGSEND = YES;
				GCC_C_LANGUAGE_STANDARD = gnu11;
				GCC_NO_COMMON_BLOCKS = YES;
				GCC_WARN_64_TO_32_BIT_CONVERSION = YES;
				GCC_WARN_ABOUT_RETURN_TYPE = YES_ERROR;
				GCC_WARN_UNDECLARED_SELECTOR = YES;
				GCC_WARN_UNINITIALIZED_AUTOS = YES_AGGRESSIVE;
				GCC_WARN_UNUSED_FUNCTION = YES;
				GCC_WARN_UNUSED_VARIABLE = YES;
				IPHONEOS_DEPLOYMENT_TARGET = 11.4;
				MTL_ENABLE_DEBUG_INFO = NO;
				SDKROOT = iphoneos;
				SWIFT_COMPILATION_MODE = wholemodule;
				SWIFT_OPTIMIZATION_LEVEL = "-O";
				VALIDATE_PRODUCT = YES;
			};
			name = Release;
		};
		FE7B4D4520FD5AAF00C5A103 /* Debug */ = {
			isa = XCBuildConfiguration;
			buildSettings = {
				ASSETCATALOG_COMPILER_APPICON_NAME = AppIcon;
				CODE_SIGN_STYLE = Automatic;
				DEVELOPMENT_TEAM = SCGM66G6VH;
				INFOPLIST_FILE = "Field Survey/Info.plist";
				LD_RUNPATH_SEARCH_PATHS = (
					"$(inherited)",
					"@executable_path/Frameworks",
				);
				PRODUCT_BUNDLE_IDENTIFIER = "Ethan-Schutzenhofer.Field-Survey";
				PRODUCT_NAME = "$(TARGET_NAME)";
				SWIFT_VERSION = 4.0;
				TARGETED_DEVICE_FAMILY = "1,2";
			};
			name = Debug;
		};
		FE7B4D4620FD5AAF00C5A103 /* Release */ = {
			isa = XCBuildConfiguration;
			buildSettings = {
				ASSETCATALOG_COMPILER_APPICON_NAME = AppIcon;
				CODE_SIGN_STYLE = Automatic;
				DEVELOPMENT_TEAM = SCGM66G6VH;
				INFOPLIST_FILE = "Field Survey/Info.plist";
				LD_RUNPATH_SEARCH_PATHS = (
					"$(inherited)",
					"@executable_path/Frameworks",
				);
				PRODUCT_BUNDLE_IDENTIFIER = "Ethan-Schutzenhofer.Field-Survey";
				PRODUCT_NAME = "$(TARGET_NAME)";
				SWIFT_VERSION = 4.0;
				TARGETED_DEVICE_FAMILY = "1,2";
			};
			name = Release;
		};
/* End XCBuildConfiguration section */

/* Begin XCConfigurationList section */
		FE7B4D2D20FD5AAE00C5A103 /* Build configuration list for PBXProject "Field Survey" */ = {
			isa = XCConfigurationList;
			buildConfigurations = (
				FE7B4D4220FD5AAF00C5A103 /* Debug */,
				FE7B4D4320FD5AAF00C5A103 /* Release */,
			);
			defaultConfigurationIsVisible = 0;
			defaultConfigurationName = Release;
		};
		FE7B4D4420FD5AAF00C5A103 /* Build configuration list for PBXNativeTarget "Field Survey" */ = {
			isa = XCConfigurationList;
			buildConfigurations = (
				FE7B4D4520FD5AAF00C5A103 /* Debug */,
				FE7B4D4620FD5AAF00C5A103 /* Release */,
			);
			defaultConfigurationIsVisible = 0;
			defaultConfigurationName = Release;
		};
/* End XCConfigurationList section */
	};
	rootObject = FE7B4D2A20FD5AAE00C5A103 /* Project object */;
}
